
Microsoft Visual Studio Solution File, Format Version 12.00
# Visual Studio 2012
Project("{FAE04EC0-301F-11D3-BF4B-00C04F79EFBC}") = "Core.Json", "Core.Json\Core.Json.csproj", "{DB406D06-4185-4B58-88EB-42731DE31249}"
EndProject
Project("{FAE04EC0-301F-11D3-BF4B-00C04F79EFBC}") = "CollectorsClub.Data", "CollectorsClub.Data\CollectorsClub.Data.csproj", "{FDF561B9-9BFF-44A5-B401-71B7252AAFA1}"
EndProject
Project("{FAE04EC0-301F-11D3-BF4B-00C04F79EFBC}") = "CollectorsClub.EntityFramework", "CollectorsClub.EntityFramework\CollectorsClub.EntityFramework.csproj", "{739D8D73-4E18-4CBE-BC00-082E7A4241DC}"
EndProject
Project("{FAE04EC0-301F-11D3-BF4B-00C04F79EFBC}") = "CollectorsClub.IdentityModel", "CollectorsClub.IdentityModel\CollectorsClub.IdentityModel.csproj", "{1A2B5E2C-E321-445C-8E98-D5E0A95D9773}"
EndProject
Project("{FAE04EC0-301F-11D3-BF4B-00C04F79EFBC}") = "CollectorsClub.Model", "CollectorsClub.Model\CollectorsClub.Model.csproj", "{9567E24B-487C-4947-819A-D74B6C1327B8}"
EndProject
Project("{FAE04EC0-301F-11D3-BF4B-00C04F79EFBC}") = "CollectorsClub.Web.API", "CollectorsClub.Web.API\CollectorsClub.Web.API.csproj", "{D1FAA914-50AA-4CAD-B58B-EE21CC6D7BD5}"
EndProject
Project("{FAE04EC0-301F-11D3-BF4B-00C04F79EFBC}") = "CollectorsClub.Web", "CollectorsClub.Web\CollectorsClub.Web.csproj", "{F913D677-DF97-414E-8536-A810B3AB8FCB}"
EndProject
Global
	GlobalSection(SolutionConfigurationPlatforms) = preSolution
		Debug|Any CPU = Debug|Any CPU
		Release|Any CPU = Release|Any CPU
	EndGlobalSection
	GlobalSection(ProjectConfigurationPlatforms) = postSolution
		{DB406D06-4185-4B58-88EB-42731DE31249}.Debug|Any CPU.ActiveCfg = Debug|Any CPU
		{DB406D06-4185-4B58-88EB-42731DE31249}.Debug|Any CPU.Build.0 = Debug|Any CPU
		{DB406D06-4185-4B58-88EB-42731DE31249}.Release|Any CPU.ActiveCfg = Release|Any CPU
		{DB406D06-4185-4B58-88EB-42731DE31249}.Release|Any CPU.Build.0 = Release|Any CPU
		{FDF561B9-9BFF-44A5-B401-71B7252AAFA1}.Debug|Any CPU.ActiveCfg = Debug|Any CPU
		{FDF561B9-9BFF-44A5-B401-71B7252AAFA1}.Debug|Any CPU.Build.0 = Debug|Any CPU
		{FDF561B9-9BFF-44A5-B401-71B7252AAFA1}.Release|Any CPU.ActiveCfg = Release|Any CPU
		{FDF561B9-9BFF-44A5-B401-71B7252AAFA1}.Release|Any CPU.Build.0 = Release|Any CPU
		{739D8D73-4E18-4CBE-BC00-082E7A4241DC}.Debug|Any CPU.ActiveCfg = Debug|Any CPU
		{739D8D73-4E18-4CBE-BC00-082E7A4241DC}.Debug|Any CPU.Build.0 = Debug|Any CPU
		{739D8D73-4E18-4CBE-BC00-082E7A4241DC}.Release|Any CPU.ActiveCfg = Release|Any CPU
		{739D8D73-4E18-4CBE-BC00-082E7A4241DC}.Release|Any CPU.Build.0 = Release|Any CPU
		{1A2B5E2C-E321-445C-8E98-D5E0A95D9773}.Debug|Any CPU.ActiveCfg = Debug|Any CPU
		{1A2B5E2C-E321-445C-8E98-D5E0A95D9773}.Debug|Any CPU.Build.0 = Debug|Any CPU
		{1A2B5E2C-E321-445C-8E98-D5E0A95D9773}.Release|Any CPU.ActiveCfg = Release|Any CPU
		{1A2B5E2C-E321-445C-8E98-D5E0A95D9773}.Release|Any CPU.Build.0 = Release|Any CPU
		{9567E24B-487C-4947-819A-D74B6C1327B8}.Debug|Any CPU.ActiveCfg = Debug|Any CPU
		{9567E24B-487C-4947-819A-D74B6C1327B8}.Debug|Any CPU.Build.0 = Debug|Any CPU
		{9567E24B-487C-4947-819A-D74B6C1327B8}.Release|Any CPU.ActiveCfg = Release|Any CPU
		{9567E24B-487C-4947-819A-D74B6C1327B8}.Release|Any CPU.Build.0 = Release|Any CPU
		{D1FAA914-50AA-4CAD-B58B-EE21CC6D7BD5}.Debug|Any CPU.ActiveCfg = Debug|Any CPU
		{D1FAA914-50AA-4CAD-B58B-EE21CC6D7BD5}.Debug|Any CPU.Build.0 = Debug|Any CPU
		{D1FAA914-50AA-4CAD-B58B-EE21CC6D7BD5}.Release|Any CPU.ActiveCfg = Release|Any CPU
		{D1FAA914-50AA-4CAD-B58B-EE21CC6D7BD5}.Release|Any CPU.Build.0 = Release|Any CPU
		{F913D677-DF97-414E-8536-A810B3AB8FCB}.Debug|Any CPU.ActiveCfg = Debug|Any CPU
		{F913D677-DF97-414E-8536-A810B3AB8FCB}.Release|Any CPU.ActiveCfg = Release|Any CPU
		{F913D677-DF97-414E-8536-A810B3AB8FCB}.Release|Any CPU.Build.0 = Release|Any CPU
	EndGlobalSection
	GlobalSection(SolutionProperties) = preSolution
		HideSolutionNode = FALSE
	EndGlobalSection
EndGlobal
